
Microsoft Visual Studio Solution File, Format Version 12.00
# Visual Studio Version 17
VisualStudioVersion = 17.0.31903.59
MinimumVisualStudioVersion = 10.0.40219.1
Project("{2150E333-8FDC-42A3-9474-1A3956D46DE8}") = "1-Domain", "1-Domain", "{9D0F5AA6-AF8C-6E9F-361C-AB80CDF19796}"
EndProject
Project("{FAE04EC0-301F-11D3-BF4B-00C04F79EFBC}") = "MoneyScope.Domain", "src\MoneyScope.Domain\MoneyScope.Domain.csproj", "{EBC38C23-4FBA-4A78-8D65-2F444A8C98B0}"
EndProject
Project("{2150E333-8FDC-42A3-9474-1A3956D46DE8}") = "2-Infra", "2-Infra", "{749C117D-0F47-27EB-29E7-A37E0DFCCD2A}"
EndProject
Project("{FAE04EC0-301F-11D3-BF4B-00C04F79EFBC}") = "MoneyScope.Infra", "src\MoneyScope.Infra\MoneyScope.Infra.csproj", "{F8521A11-458F-4DAB-8188-D07530E4A2B2}"
EndProject
Project("{2150E333-8FDC-42A3-9474-1A3956D46DE8}") = "3-Application", "3-Application", "{B68DA955-F7AE-42DB-8763-087FE3C7C239}"
EndProject
Project("{FAE04EC0-301F-11D3-BF4B-00C04F79EFBC}") = "MoneyScope.Application", "src\MoneyScope.Application\MoneyScope.Application.csproj", "{FD7A30D9-CD7E-4CB3-BCF0-83857204A518}"
EndProject
Project("{2150E333-8FDC-42A3-9474-1A3956D46DE8}") = "4-Api", "4-Api", "{D7735A01-5ED0-5C3A-799C-66B5C9B22886}"
EndProject
Project("{FAE04EC0-301F-11D3-BF4B-00C04F79EFBC}") = "MoneyScope.Api", "src\MoneyScope.Api\MoneyScope.Api.csproj", "{11138B32-2946-41DB-8888-5193614C09D8}"
EndProject
Project("{2150E333-8FDC-42A3-9474-1A3956D46DE8}") = "5-Core", "5-Core", "{CB054717-E448-989D-495C-794BAE99B68F}"
EndProject
Project("{FAE04EC0-301F-11D3-BF4B-00C04F79EFBC}") = "MoneyScope.Core", "src\MoneyScope.Core\MoneyScope.Core.csproj", "{62CE595F-8586-4895-8D61-F169E3475FAA}"
EndProject
Project("{2150E333-8FDC-42A3-9474-1A3956D46DE8}") = "6-Ioc", "6-Ioc", "{3C5D6D18-EC29-4BE6-CADB-EB594117C54C}"
EndProject
Project("{FAE04EC0-301F-11D3-BF4B-00C04F79EFBC}") = "MoneyScope.Ioc", "src\MoneyScope.Ioc\MoneyScope.Ioc.csproj", "{7A375DDF-25DD-4038-AB51-2D2121AD006B}"
EndProject
Project("{2150E333-8FDC-42A3-9474-1A3956D46DE8}") = "7-Testes", "7-Testes", "{DA5937F8-1297-7F7C-9544-D7C3E5E55571}"
EndProject
Project("{FAE04EC0-301F-11D3-BF4B-00C04F79EFBC}") = "MoneyScope.Tests", "src\MoneyScope.Tests\MoneyScope.Tests.csproj", "{CD57537C-C812-48FD-BAEB-6511F49D776A}"
EndProject
Global
	GlobalSection(SolutionConfigurationPlatforms) = preSolution
		Debug|Any CPU = Debug|Any CPU
		Debug|x64 = Debug|x64
		Debug|x86 = Debug|x86
		Release|Any CPU = Release|Any CPU
		Release|x64 = Release|x64
		Release|x86 = Release|x86
	EndGlobalSection
	GlobalSection(ProjectConfigurationPlatforms) = postSolution
		{EBC38C23-4FBA-4A78-8D65-2F444A8C98B0}.Debug|Any CPU.ActiveCfg = Debug|Any CPU
		{EBC38C23-4FBA-4A78-8D65-2F444A8C98B0}.Debug|Any CPU.Build.0 = Debug|Any CPU
		{EBC38C23-4FBA-4A78-8D65-2F444A8C98B0}.Debug|x64.ActiveCfg = Debug|Any CPU
		{EBC38C23-4FBA-4A78-8D65-2F444A8C98B0}.Debug|x64.Build.0 = Debug|Any CPU
		{EBC38C23-4FBA-4A78-8D65-2F444A8C98B0}.Debug|x86.ActiveCfg = Debug|Any CPU
		{EBC38C23-4FBA-4A78-8D65-2F444A8C98B0}.Debug|x86.Build.0 = Debug|Any CPU
		{EBC38C23-4FBA-4A78-8D65-2F444A8C98B0}.Release|Any CPU.ActiveCfg = Release|Any CPU
		{EBC38C23-4FBA-4A78-8D65-2F444A8C98B0}.Release|Any CPU.Build.0 = Release|Any CPU
		{EBC38C23-4FBA-4A78-8D65-2F444A8C98B0}.Release|x64.ActiveCfg = Release|Any CPU
		{EBC38C23-4FBA-4A78-8D65-2F444A8C98B0}.Release|x64.Build.0 = Release|Any CPU
		{EBC38C23-4FBA-4A78-8D65-2F444A8C98B0}.Release|x86.ActiveCfg = Release|Any CPU
		{EBC38C23-4FBA-4A78-8D65-2F444A8C98B0}.Release|x86.Build.0 = Release|Any CPU
		{F8521A11-458F-4DAB-8188-D07530E4A2B2}.Debug|Any CPU.ActiveCfg = Debug|Any CPU
		{F8521A11-458F-4DAB-8188-D07530E4A2B2}.Debug|Any CPU.Build.0 = Debug|Any CPU
		{F8521A11-458F-4DAB-8188-D07530E4A2B2}.Debug|x64.ActiveCfg = Debug|Any CPU
		{F8521A11-458F-4DAB-8188-D07530E4A2B2}.Debug|x64.Build.0 = Debug|Any CPU
		{F8521A11-458F-4DAB-8188-D07530E4A2B2}.Debug|x86.ActiveCfg = Debug|Any CPU
		{F8521A11-458F-4DAB-8188-D07530E4A2B2}.Debug|x86.Build.0 = Debug|Any CPU
		{F8521A11-458F-4DAB-8188-D07530E4A2B2}.Release|Any CPU.ActiveCfg = Release|Any CPU
		{F8521A11-458F-4DAB-8188-D07530E4A2B2}.Release|Any CPU.Build.0 = Release|Any CPU
		{F8521A11-458F-4DAB-8188-D07530E4A2B2}.Release|x64.ActiveCfg = Release|Any CPU
		{F8521A11-458F-4DAB-8188-D07530E4A2B2}.Release|x64.Build.0 = Release|Any CPU
		{F8521A11-458F-4DAB-8188-D07530E4A2B2}.Release|x86.ActiveCfg = Release|Any CPU
		{F8521A11-458F-4DAB-8188-D07530E4A2B2}.Release|x86.Build.0 = Release|Any CPU
		{FD7A30D9-CD7E-4CB3-BCF0-83857204A518}.Debug|Any CPU.ActiveCfg = Debug|Any CPU
		{FD7A30D9-CD7E-4CB3-BCF0-83857204A518}.Debug|Any CPU.Build.0 = Debug|Any CPU
		{FD7A30D9-CD7E-4CB3-BCF0-83857204A518}.Debug|x64.ActiveCfg = Debug|Any CPU
		{FD7A30D9-CD7E-4CB3-BCF0-83857204A518}.Debug|x64.Build.0 = Debug|Any CPU
		{FD7A30D9-CD7E-4CB3-BCF0-83857204A518}.Debug|x86.ActiveCfg = Debug|Any CPU
		{FD7A30D9-CD7E-4CB3-BCF0-83857204A518}.Debug|x86.Build.0 = Debug|Any CPU
		{FD7A30D9-CD7E-4CB3-BCF0-83857204A518}.Release|Any CPU.ActiveCfg = Release|Any CPU
		{FD7A30D9-CD7E-4CB3-BCF0-83857204A518}.Release|Any CPU.Build.0 = Release|Any CPU
		{FD7A30D9-CD7E-4CB3-BCF0-83857204A518}.Release|x64.ActiveCfg = Release|Any CPU
		{FD7A30D9-CD7E-4CB3-BCF0-83857204A518}.Release|x64.Build.0 = Release|Any CPU
		{FD7A30D9-CD7E-4CB3-BCF0-83857204A518}.Release|x86.ActiveCfg = Release|Any CPU
		{FD7A30D9-CD7E-4CB3-BCF0-83857204A518}.Release|x86.Build.0 = Release|Any CPU
		{11138B32-2946-41DB-8888-5193614C09D8}.Debug|Any CPU.ActiveCfg = Debug|Any CPU
		{11138B32-2946-41DB-8888-5193614C09D8}.Debug|Any CPU.Build.0 = Debug|Any CPU
		{11138B32-2946-41DB-8888-5193614C09D8}.Debug|x64.ActiveCfg = Debug|Any CPU
		{11138B32-2946-41DB-8888-5193614C09D8}.Debug|x64.Build.0 = Debug|Any CPU
		{11138B32-2946-41DB-8888-5193614C09D8}.Debug|x86.ActiveCfg = Debug|Any CPU
		{11138B32-2946-41DB-8888-5193614C09D8}.Debug|x86.Build.0 = Debug|Any CPU
		{11138B32-2946-41DB-8888-5193614C09D8}.Release|Any CPU.ActiveCfg = Release|Any CPU
		{11138B32-2946-41DB-8888-5193614C09D8}.Release|Any CPU.Build.0 = Release|Any CPU
		{11138B32-2946-41DB-8888-5193614C09D8}.Release|x64.ActiveCfg = Release|Any CPU
		{11138B32-2946-41DB-8888-5193614C09D8}.Release|x64.Build.0 = Release|Any CPU
		{11138B32-2946-41DB-8888-5193614C09D8}.Release|x86.ActiveCfg = Release|Any CPU
		{11138B32-2946-41DB-8888-5193614C09D8}.Release|x86.Build.0 = Release|Any CPU
		{62CE595F-8586-4895-8D61-F169E3475FAA}.Debug|Any CPU.ActiveCfg = Debug|Any CPU
		{62CE595F-8586-4895-8D61-F169E3475FAA}.Debug|Any CPU.Build.0 = Debug|Any CPU
		{62CE595F-8586-4895-8D61-F169E3475FAA}.Debug|x64.ActiveCfg = Debug|Any CPU
		{62CE595F-8586-4895-8D61-F169E3475FAA}.Debug|x64.Build.0 = Debug|Any CPU
		{62CE595F-8586-4895-8D61-F169E3475FAA}.Debug|x86.ActiveCfg = Debug|Any CPU
		{62CE595F-8586-4895-8D61-F169E3475FAA}.Debug|x86.Build.0 = Debug|Any CPU
		{62CE595F-8586-4895-8D61-F169E3475FAA}.Release|Any CPU.ActiveCfg = Release|Any CPU
		{62CE595F-8586-4895-8D61-F169E3475FAA}.Release|Any CPU.Build.0 = Release|Any CPU
		{62CE595F-8586-4895-8D61-F169E3475FAA}.Release|x64.ActiveCfg = Release|Any CPU
		{62CE595F-8586-4895-8D61-F169E3475FAA}.Release|x64.Build.0 = Release|Any CPU
		{62CE595F-8586-4895-8D61-F169E3475FAA}.Release|x86.ActiveCfg = Release|Any CPU
		{62CE595F-8586-4895-8D61-F169E3475FAA}.Release|x86.Build.0 = Release|Any CPU
		{7A375DDF-25DD-4038-AB51-2D2121AD006B}.Debug|Any CPU.ActiveCfg = Debug|Any CPU
		{7A375DDF-25DD-4038-AB51-2D2121AD006B}.Debug|Any CPU.Build.0 = Debug|Any CPU
		{7A375DDF-25DD-4038-AB51-2D2121AD006B}.Debug|x64.ActiveCfg = Debug|Any CPU
		{7A375DDF-25DD-4038-AB51-2D2121AD006B}.Debug|x64.Build.0 = Debug|Any CPU
		{7A375DDF-25DD-4038-AB51-2D2121AD006B}.Debug|x86.ActiveCfg = Debug|Any CPU
		{7A375DDF-25DD-4038-AB51-2D2121AD006B}.Debug|x86.Build.0 = Debug|Any CPU
		{7A375DDF-25DD-4038-AB51-2D2121AD006B}.Release|Any CPU.ActiveCfg = Release|Any CPU
		{7A375DDF-25DD-4038-AB51-2D2121AD006B}.Release|Any CPU.Build.0 = Release|Any CPU
		{7A375DDF-25DD-4038-AB51-2D2121AD006B}.Release|x64.ActiveCfg = Release|Any CPU
		{7A375DDF-25DD-4038-AB51-2D2121AD006B}.Release|x64.Build.0 = Release|Any CPU
		{7A375DDF-25DD-4038-AB51-2D2121AD006B}.Release|x86.ActiveCfg = Release|Any CPU
		{7A375DDF-25DD-4038-AB51-2D2121AD006B}.Release|x86.Build.0 = Release|Any CPU
		{CD57537C-C812-48FD-BAEB-6511F49D776A}.Debug|Any CPU.ActiveCfg = Debug|Any CPU
		{CD57537C-C812-48FD-BAEB-6511F49D776A}.Debug|Any CPU.Build.0 = Debug|Any CPU
		{CD57537C-C812-48FD-BAEB-6511F49D776A}.Debug|x64.ActiveCfg = Debug|Any CPU
		{CD57537C-C812-48FD-BAEB-6511F49D776A}.Debug|x64.Build.0 = Debug|Any CPU
		{CD57537C-C812-48FD-BAEB-6511F49D776A}.Debug|x86.ActiveCfg = Debug|Any CPU
		{CD57537C-C812-48FD-BAEB-6511F49D776A}.Debug|x86.Build.0 = Debug|Any CPU
		{CD57537C-C812-48FD-BAEB-6511F49D776A}.Release|Any CPU.ActiveCfg = Release|Any CPU
		{CD57537C-C812-48FD-BAEB-6511F49D776A}.Release|Any CPU.Build.0 = Release|Any CPU
		{CD57537C-C812-48FD-BAEB-6511F49D776A}.Release|x64.ActiveCfg = Release|Any CPU
		{CD57537C-C812-48FD-BAEB-6511F49D776A}.Release|x64.Build.0 = Release|Any CPU
		{CD57537C-C812-48FD-BAEB-6511F49D776A}.Release|x86.ActiveCfg = Release|Any CPU
		{CD57537C-C812-48FD-BAEB-6511F49D776A}.Release|x86.Build.0 = Release|Any CPU
	EndGlobalSection
	GlobalSection(SolutionProperties) = preSolution
		HideSolutionNode = FALSE
	EndGlobalSection
	GlobalSection(NestedProjects) = preSolution
		{EBC38C23-4FBA-4A78-8D65-2F444A8C98B0} = {9D0F5AA6-AF8C-6E9F-361C-AB80CDF19796}
		{F8521A11-458F-4DAB-8188-D07530E4A2B2} = {749C117D-0F47-27EB-29E7-A37E0DFCCD2A}
		{FD7A30D9-CD7E-4CB3-BCF0-83857204A518} = {B68DA955-F7AE-42DB-8763-087FE3C7C239}
		{11138B32-2946-41DB-8888-5193614C09D8} = {D7735A01-5ED0-5C3A-799C-66B5C9B22886}
		{62CE595F-8586-4895-8D61-F169E3475FAA} = {CB054717-E448-989D-495C-794BAE99B68F}
		{7A375DDF-25DD-4038-AB51-2D2121AD006B} = {3C5D6D18-EC29-4BE6-CADB-EB594117C54C}
		{CD57537C-C812-48FD-BAEB-6511F49D776A} = {DA5937F8-1297-7F7C-9544-D7C3E5E55571}
	EndGlobalSection
	GlobalSection(ExtensibilityGlobals) = postSolution
		SolutionGuid = {92342C9F-C994-4F89-926D-A075DACC186D}
	EndGlobalSection
EndGlobal
